// !$*UTF8*$!
{
	archiveVersion = 1;
	classes = {
	};
	objectVersion = 56;
	objects = {

/* Begin PBXBuildFile section */
		9E598FB329FD496300BDB6D6 /* LiveWallAssessmentApp.swift in Sources */ = {isa = PBXBuildFile; fileRef = 9E598FB229FD496300BDB6D6 /* LiveWallAssessmentApp.swift */; };
		9E598FB729FD496600BDB6D6 /* Assets.xcassets in Resources */ = {isa = PBXBuildFile; fileRef = 9E598FB629FD496600BDB6D6 /* Assets.xcassets */; };
		9E598FBA29FD496600BDB6D6 /* Preview Assets.xcassets in Resources */ = {isa = PBXBuildFile; fileRef = 9E598FB929FD496600BDB6D6 /* Preview Assets.xcassets */; };
		9E598FC729FD4A2500BDB6D6 /* HomeView.swift in Sources */ = {isa = PBXBuildFile; fileRef = 9E598FC629FD4A2500BDB6D6 /* HomeView.swift */; };
		9E598FC929FD4A3200BDB6D6 /* DetailView.swift in Sources */ = {isa = PBXBuildFile; fileRef = 9E598FC829FD4A3200BDB6D6 /* DetailView.swift */; };
		9E598FCB29FD4A3C00BDB6D6 /* ProfileView.swift in Sources */ = {isa = PBXBuildFile; fileRef = 9E598FCA29FD4A3C00BDB6D6 /* ProfileView.swift */; };
		9E598FCD29FD4BBA00BDB6D6 /* HomeViewModel.swift in Sources */ = {isa = PBXBuildFile; fileRef = 9E598FCC29FD4BBA00BDB6D6 /* HomeViewModel.swift */; };
		9E598FCF29FD4BC500BDB6D6 /* DetailViewModel.swift in Sources */ = {isa = PBXBuildFile; fileRef = 9E598FCE29FD4BC500BDB6D6 /* DetailViewModel.swift */; };
		9E598FD129FD4BCF00BDB6D6 /* ProfileViewModel.swift in Sources */ = {isa = PBXBuildFile; fileRef = 9E598FD029FD4BCF00BDB6D6 /* ProfileViewModel.swift */; };
		9E598FE029FDC20D00BDB6D6 /* LoginView.swift in Sources */ = {isa = PBXBuildFile; fileRef = 9E598FDF29FDC20D00BDB6D6 /* LoginView.swift */; };
		9E598FE229FDC21700BDB6D6 /* LoginViewModel.swift in Sources */ = {isa = PBXBuildFile; fileRef = 9E598FE129FDC21700BDB6D6 /* LoginViewModel.swift */; };
		9E598FE429FEAF5900BDB6D6 /* AuthManager.swift in Sources */ = {isa = PBXBuildFile; fileRef = 9E598FE329FEAF5900BDB6D6 /* AuthManager.swift */; };
		9E598FE929FFCBDE00BDB6D6 /* AuthResponses.swift in Sources */ = {isa = PBXBuildFile; fileRef = 9E598FE829FFCBDE00BDB6D6 /* AuthResponses.swift */; };
		9E598FEC29FFE4F700BDB6D6 /* ProfileRepository.swift in Sources */ = {isa = PBXBuildFile; fileRef = 9E598FEB29FFE4F700BDB6D6 /* ProfileRepository.swift */; };
		9E598FEE29FFE51900BDB6D6 /* ProfileRemoteDatasource.swift in Sources */ = {isa = PBXBuildFile; fileRef = 9E598FED29FFE51900BDB6D6 /* ProfileRemoteDatasource.swift */; };
		9E598FF029FFE58500BDB6D6 /* ProfileDTO.swift in Sources */ = {isa = PBXBuildFile; fileRef = 9E598FEF29FFE58500BDB6D6 /* ProfileDTO.swift */; };
		9E598FF429FFF05400BDB6D6 /* ProfileService.swift in Sources */ = {isa = PBXBuildFile; fileRef = 9E598FF329FFF05400BDB6D6 /* ProfileService.swift */; };
		9E598FF629FFF06100BDB6D6 /* Profile.swift in Sources */ = {isa = PBXBuildFile; fileRef = 9E598FF529FFF06100BDB6D6 /* Profile.swift */; };
		9E598FFA2A000C3800BDB6D6 /* Song.swift in Sources */ = {isa = PBXBuildFile; fileRef = 9E598FF92A000C3800BDB6D6 /* Song.swift */; };
		9E598FFC2A000C4A00BDB6D6 /* Artist.swift in Sources */ = {isa = PBXBuildFile; fileRef = 9E598FFB2A000C4A00BDB6D6 /* Artist.swift */; };
		9E598FFF2A001A6100BDB6D6 /* SongRepository.swift in Sources */ = {isa = PBXBuildFile; fileRef = 9E598FFE2A001A6100BDB6D6 /* SongRepository.swift */; };
		9E5990012A001ABE00BDB6D6 /* SongRemoteDatasource.swift in Sources */ = {isa = PBXBuildFile; fileRef = 9E5990002A001ABE00BDB6D6 /* SongRemoteDatasource.swift */; };
		9E5990032A001AD600BDB6D6 /* SongDTO.swift in Sources */ = {isa = PBXBuildFile; fileRef = 9E5990022A001AD600BDB6D6 /* SongDTO.swift */; };
		9E5990062A001AF500BDB6D6 /* ArtistDTO.swift in Sources */ = {isa = PBXBuildFile; fileRef = 9E5990052A001AF500BDB6D6 /* ArtistDTO.swift */; };
		9E59900A2A0046DD00BDB6D6 /* SongService.swift in Sources */ = {isa = PBXBuildFile; fileRef = 9E5990092A0046DD00BDB6D6 /* SongService.swift */; };
		9E59900C2A005DEA00BDB6D6 /* LikedSongsResponse.swift in Sources */ = {isa = PBXBuildFile; fileRef = 9E59900B2A005DEA00BDB6D6 /* LikedSongsResponse.swift */; };
		9E59900E2A0067CB00BDB6D6 /* SongView.swift in Sources */ = {isa = PBXBuildFile; fileRef = 9E59900D2A0067CB00BDB6D6 /* SongView.swift */; };
/* End PBXBuildFile section */

/* Begin PBXFileReference section */
		9E598FAF29FD496300BDB6D6 /* LiveWallAssessment.app */ = {isa = PBXFileReference; explicitFileType = wrapper.application; includeInIndex = 0; path = LiveWallAssessment.app; sourceTree = BUILT_PRODUCTS_DIR; };
		9E598FB229FD496300BDB6D6 /* LiveWallAssessmentApp.swift */ = {isa = PBXFileReference; lastKnownFileType = sourcecode.swift; path = LiveWallAssessmentApp.swift; sourceTree = "<group>"; };
		9E598FB629FD496600BDB6D6 /* Assets.xcassets */ = {isa = PBXFileReference; lastKnownFileType = folder.assetcatalog; path = Assets.xcassets; sourceTree = "<group>"; };
		9E598FB929FD496600BDB6D6 /* Preview Assets.xcassets */ = {isa = PBXFileReference; lastKnownFileType = folder.assetcatalog; path = "Preview Assets.xcassets"; sourceTree = "<group>"; };
		9E598FC629FD4A2500BDB6D6 /* HomeView.swift */ = {isa = PBXFileReference; lastKnownFileType = sourcecode.swift; path = HomeView.swift; sourceTree = "<group>"; };
		9E598FC829FD4A3200BDB6D6 /* DetailView.swift */ = {isa = PBXFileReference; lastKnownFileType = sourcecode.swift; path = DetailView.swift; sourceTree = "<group>"; };
		9E598FCA29FD4A3C00BDB6D6 /* ProfileView.swift */ = {isa = PBXFileReference; lastKnownFileType = sourcecode.swift; path = ProfileView.swift; sourceTree = "<group>"; };
		9E598FCC29FD4BBA00BDB6D6 /* HomeViewModel.swift */ = {isa = PBXFileReference; lastKnownFileType = sourcecode.swift; path = HomeViewModel.swift; sourceTree = "<group>"; };
		9E598FCE29FD4BC500BDB6D6 /* DetailViewModel.swift */ = {isa = PBXFileReference; lastKnownFileType = sourcecode.swift; path = DetailViewModel.swift; sourceTree = "<group>"; };
		9E598FD029FD4BCF00BDB6D6 /* ProfileViewModel.swift */ = {isa = PBXFileReference; lastKnownFileType = sourcecode.swift; path = ProfileViewModel.swift; sourceTree = "<group>"; };
		9E598FD329FDB5D900BDB6D6 /* SpotifyiOS.framework */ = {isa = PBXFileReference; lastKnownFileType = wrapper.framework; name = SpotifyiOS.framework; path = "../../../Downloads/ios-sdk-1.2.3/SpotifyiOS.framework"; sourceTree = "<group>"; };
		9E598FD729FDB63D00BDB6D6 /* Info.plist */ = {isa = PBXFileReference; lastKnownFileType = text.plist; path = Info.plist; sourceTree = "<group>"; };
		9E598FDF29FDC20D00BDB6D6 /* LoginView.swift */ = {isa = PBXFileReference; lastKnownFileType = sourcecode.swift; path = LoginView.swift; sourceTree = "<group>"; };
		9E598FE129FDC21700BDB6D6 /* LoginViewModel.swift */ = {isa = PBXFileReference; lastKnownFileType = sourcecode.swift; path = LoginViewModel.swift; sourceTree = "<group>"; };
		9E598FE329FEAF5900BDB6D6 /* AuthManager.swift */ = {isa = PBXFileReference; lastKnownFileType = sourcecode.swift; path = AuthManager.swift; sourceTree = "<group>"; };
		9E598FE529FEB91200BDB6D6 /* Secrets.xcconfig */ = {isa = PBXFileReference; lastKnownFileType = text.xcconfig; path = Secrets.xcconfig; sourceTree = "<group>"; };
		9E598FE629FEB94000BDB6D6 /* .gitignore */ = {isa = PBXFileReference; lastKnownFileType = text; path = .gitignore; sourceTree = "<group>"; };
		9E598FE829FFCBDE00BDB6D6 /* AuthResponses.swift */ = {isa = PBXFileReference; lastKnownFileType = sourcecode.swift; path = AuthResponses.swift; sourceTree = "<group>"; };
		9E598FEB29FFE4F700BDB6D6 /* ProfileRepository.swift */ = {isa = PBXFileReference; lastKnownFileType = sourcecode.swift; path = ProfileRepository.swift; sourceTree = "<group>"; };
		9E598FED29FFE51900BDB6D6 /* ProfileRemoteDatasource.swift */ = {isa = PBXFileReference; lastKnownFileType = sourcecode.swift; path = ProfileRemoteDatasource.swift; sourceTree = "<group>"; };
		9E598FEF29FFE58500BDB6D6 /* ProfileDTO.swift */ = {isa = PBXFileReference; lastKnownFileType = sourcecode.swift; path = ProfileDTO.swift; sourceTree = "<group>"; };
		9E598FF329FFF05400BDB6D6 /* ProfileService.swift */ = {isa = PBXFileReference; lastKnownFileType = sourcecode.swift; path = ProfileService.swift; sourceTree = "<group>"; };
		9E598FF529FFF06100BDB6D6 /* Profile.swift */ = {isa = PBXFileReference; lastKnownFileType = sourcecode.swift; path = Profile.swift; sourceTree = "<group>"; };
		9E598FF92A000C3800BDB6D6 /* Song.swift */ = {isa = PBXFileReference; lastKnownFileType = sourcecode.swift; path = Song.swift; sourceTree = "<group>"; };
		9E598FFB2A000C4A00BDB6D6 /* Artist.swift */ = {isa = PBXFileReference; lastKnownFileType = sourcecode.swift; path = Artist.swift; sourceTree = "<group>"; };
		9E598FFE2A001A6100BDB6D6 /* SongRepository.swift */ = {isa = PBXFileReference; lastKnownFileType = sourcecode.swift; path = SongRepository.swift; sourceTree = "<group>"; };
		9E5990002A001ABE00BDB6D6 /* SongRemoteDatasource.swift */ = {isa = PBXFileReference; lastKnownFileType = sourcecode.swift; path = SongRemoteDatasource.swift; sourceTree = "<group>"; };
		9E5990022A001AD600BDB6D6 /* SongDTO.swift */ = {isa = PBXFileReference; lastKnownFileType = sourcecode.swift; path = SongDTO.swift; sourceTree = "<group>"; };
		9E5990052A001AF500BDB6D6 /* ArtistDTO.swift */ = {isa = PBXFileReference; lastKnownFileType = sourcecode.swift; path = ArtistDTO.swift; sourceTree = "<group>"; };
		9E5990092A0046DD00BDB6D6 /* SongService.swift */ = {isa = PBXFileReference; lastKnownFileType = sourcecode.swift; path = SongService.swift; sourceTree = "<group>"; };
		9E59900B2A005DEA00BDB6D6 /* LikedSongsResponse.swift */ = {isa = PBXFileReference; lastKnownFileType = sourcecode.swift; path = LikedSongsResponse.swift; sourceTree = "<group>"; };
		9E59900D2A0067CB00BDB6D6 /* SongView.swift */ = {isa = PBXFileReference; lastKnownFileType = sourcecode.swift; path = SongView.swift; sourceTree = "<group>"; };
/* End PBXFileReference section */

/* Begin PBXFrameworksBuildPhase section */
		9E598FAC29FD496300BDB6D6 /* Frameworks */ = {
			isa = PBXFrameworksBuildPhase;
			buildActionMask = 2147483647;
			files = (
			);
			runOnlyForDeploymentPostprocessing = 0;
		};
/* End PBXFrameworksBuildPhase section */

/* Begin PBXGroup section */
		9E598FA629FD496300BDB6D6 = {
			isa = PBXGroup;
			children = (
				9E598FE629FEB94000BDB6D6 /* .gitignore */,
				9E598FE529FEB91200BDB6D6 /* Secrets.xcconfig */,
				9E598FB129FD496300BDB6D6 /* LiveWallAssessment */,
				9E598FB029FD496300BDB6D6 /* Products */,
				9E598FD229FDB5D800BDB6D6 /* Frameworks */,
			);
			sourceTree = "<group>";
		};
		9E598FB029FD496300BDB6D6 /* Products */ = {
			isa = PBXGroup;
			children = (
				9E598FAF29FD496300BDB6D6 /* LiveWallAssessment.app */,
			);
			name = Products;
			sourceTree = "<group>";
		};
		9E598FB129FD496300BDB6D6 /* LiveWallAssessment */ = {
			isa = PBXGroup;
			children = (
				9E598FD729FDB63D00BDB6D6 /* Info.plist */,
				9E598FC229FD49D100BDB6D6 /* Data */,
				9E598FC129FD49AC00BDB6D6 /* Domain */,
				9E598FC029FD49A400BDB6D6 /* View */,
				9E598FB229FD496300BDB6D6 /* LiveWallAssessmentApp.swift */,
				9E598FB629FD496600BDB6D6 /* Assets.xcassets */,
				9E598FB829FD496600BDB6D6 /* Preview Content */,
			);
			path = LiveWallAssessment;
			sourceTree = "<group>";
		};
		9E598FB829FD496600BDB6D6 /* Preview Content */ = {
			isa = PBXGroup;
			children = (
				9E598FB929FD496600BDB6D6 /* Preview Assets.xcassets */,
			);
			path = "Preview Content";
			sourceTree = "<group>";
		};
		9E598FC029FD49A400BDB6D6 /* View */ = {
			isa = PBXGroup;
			children = (
				9E598FDE29FDC20200BDB6D6 /* Login */,
				9E598FC529FD4A0D00BDB6D6 /* Home */,
				9E598FC429FD4A0300BDB6D6 /* Detail */,
				9E598FC329FD49FC00BDB6D6 /* Profile */,
			);
			path = View;
			sourceTree = "<group>";
		};
		9E598FC129FD49AC00BDB6D6 /* Domain */ = {
			isa = PBXGroup;
			children = (
				9E598FF72A000BFA00BDB6D6 /* Song */,
				9E598FF229FFF04700BDB6D6 /* Profile */,
				9E598FF129FFF03E00BDB6D6 /* Auth */,
			);
			path = Domain;
			sourceTree = "<group>";
		};
		9E598FC229FD49D100BDB6D6 /* Data */ = {
			isa = PBXGroup;
			children = (
				9E598FFD2A001A4100BDB6D6 /* Song */,
				9E598FEA29FFE4ED00BDB6D6 /* Profile */,
			);
			path = Data;
			sourceTree = "<group>";
		};
		9E598FC329FD49FC00BDB6D6 /* Profile */ = {
			isa = PBXGroup;
			children = (
				9E598FCA29FD4A3C00BDB6D6 /* ProfileView.swift */,
				9E598FD029FD4BCF00BDB6D6 /* ProfileViewModel.swift */,
			);
			path = Profile;
			sourceTree = "<group>";
		};
		9E598FC429FD4A0300BDB6D6 /* Detail */ = {
			isa = PBXGroup;
			children = (
				9E598FC829FD4A3200BDB6D6 /* DetailView.swift */,
				9E598FCE29FD4BC500BDB6D6 /* DetailViewModel.swift */,
			);
			path = Detail;
			sourceTree = "<group>";
		};
		9E598FC529FD4A0D00BDB6D6 /* Home */ = {
			isa = PBXGroup;
			children = (
				9E598FC629FD4A2500BDB6D6 /* HomeView.swift */,
				9E598FCC29FD4BBA00BDB6D6 /* HomeViewModel.swift */,
				9E59900D2A0067CB00BDB6D6 /* SongView.swift */,
			);
			path = Home;
			sourceTree = "<group>";
		};
		9E598FD229FDB5D800BDB6D6 /* Frameworks */ = {
			isa = PBXGroup;
			children = (
				9E598FD329FDB5D900BDB6D6 /* SpotifyiOS.framework */,
			);
			name = Frameworks;
			sourceTree = "<group>";
		};
		9E598FDE29FDC20200BDB6D6 /* Login */ = {
			isa = PBXGroup;
			children = (
				9E598FDF29FDC20D00BDB6D6 /* LoginView.swift */,
				9E598FE129FDC21700BDB6D6 /* LoginViewModel.swift */,
			);
			path = Login;
			sourceTree = "<group>";
		};
		9E598FE729FFCBD000BDB6D6 /* Models */ = {
			isa = PBXGroup;
			children = (
				9E598FE829FFCBDE00BDB6D6 /* AuthResponses.swift */,
			);
			path = Models;
			sourceTree = "<group>";
		};
		9E598FEA29FFE4ED00BDB6D6 /* Profile */ = {
			isa = PBXGroup;
			children = (
				9E5990072A001B0000BDB6D6 /* DTOs */,
				9E598FEB29FFE4F700BDB6D6 /* ProfileRepository.swift */,
				9E598FED29FFE51900BDB6D6 /* ProfileRemoteDatasource.swift */,
			);
			path = Profile;
			sourceTree = "<group>";
		};
		9E598FF129FFF03E00BDB6D6 /* Auth */ = {
			isa = PBXGroup;
			children = (
				9E598FE729FFCBD000BDB6D6 /* Models */,
				9E598FE329FEAF5900BDB6D6 /* AuthManager.swift */,
			);
			path = Auth;
			sourceTree = "<group>";
		};
		9E598FF229FFF04700BDB6D6 /* Profile */ = {
			isa = PBXGroup;
			children = (
				9E5990082A001B4D00BDB6D6 /* Models */,
				9E598FF329FFF05400BDB6D6 /* ProfileService.swift */,
			);
			path = Profile;
			sourceTree = "<group>";
		};
		9E598FF72A000BFA00BDB6D6 /* Song */ = {
			isa = PBXGroup;
			children = (
				9E598FF82A000C0F00BDB6D6 /* Models */,
				9E5990092A0046DD00BDB6D6 /* SongService.swift */,
			);
			path = Song;
			sourceTree = "<group>";
		};
		9E598FF82A000C0F00BDB6D6 /* Models */ = {
			isa = PBXGroup;
			children = (
				9E598FF92A000C3800BDB6D6 /* Song.swift */,
				9E598FFB2A000C4A00BDB6D6 /* Artist.swift */,
			);
			path = Models;
			sourceTree = "<group>";
		};
		9E598FFD2A001A4100BDB6D6 /* Song */ = {
			isa = PBXGroup;
			children = (
				9E5990042A001AE300BDB6D6 /* DTOs */,
				9E598FFE2A001A6100BDB6D6 /* SongRepository.swift */,
				9E5990002A001ABE00BDB6D6 /* SongRemoteDatasource.swift */,
				9E59900B2A005DEA00BDB6D6 /* LikedSongsResponse.swift */,
			);
			path = Song;
			sourceTree = "<group>";
		};
		9E5990042A001AE300BDB6D6 /* DTOs */ = {
			isa = PBXGroup;
			children = (
				9E5990022A001AD600BDB6D6 /* SongDTO.swift */,
				9E5990052A001AF500BDB6D6 /* ArtistDTO.swift */,
			);
			path = DTOs;
			sourceTree = "<group>";
		};
		9E5990072A001B0000BDB6D6 /* DTOs */ = {
			isa = PBXGroup;
			children = (
				9E598FEF29FFE58500BDB6D6 /* ProfileDTO.swift */,
			);
			path = DTOs;
			sourceTree = "<group>";
		};
		9E5990082A001B4D00BDB6D6 /* Models */ = {
			isa = PBXGroup;
			children = (
				9E598FF529FFF06100BDB6D6 /* Profile.swift */,
			);
			path = Models;
			sourceTree = "<group>";
		};
/* End PBXGroup section */

/* Begin PBXNativeTarget section */
		9E598FAE29FD496300BDB6D6 /* LiveWallAssessment */ = {
			isa = PBXNativeTarget;
			buildConfigurationList = 9E598FBD29FD496600BDB6D6 /* Build configuration list for PBXNativeTarget "LiveWallAssessment" */;
			buildPhases = (
				9E598FAB29FD496300BDB6D6 /* Sources */,
				9E598FAC29FD496300BDB6D6 /* Frameworks */,
				9E598FAD29FD496300BDB6D6 /* Resources */,
			);
			buildRules = (
			);
			dependencies = (
			);
			name = LiveWallAssessment;
			packageProductDependencies = (
			);
			productName = LiveWallAssessment;
			productReference = 9E598FAF29FD496300BDB6D6 /* LiveWallAssessment.app */;
			productType = "com.apple.product-type.application";
		};
/* End PBXNativeTarget section */

/* Begin PBXProject section */
		9E598FA729FD496300BDB6D6 /* Project object */ = {
			isa = PBXProject;
			attributes = {
				BuildIndependentTargetsInParallel = 1;
				LastSwiftUpdateCheck = 1430;
				LastUpgradeCheck = 1430;
				TargetAttributes = {
					9E598FAE29FD496300BDB6D6 = {
						CreatedOnToolsVersion = 14.3;
					};
				};
			};
			buildConfigurationList = 9E598FAA29FD496300BDB6D6 /* Build configuration list for PBXProject "LiveWallAssessment" */;
			compatibilityVersion = "Xcode 14.0";
			developmentRegion = en;
			hasScannedForEncodings = 0;
			knownRegions = (
				en,
				Base,
			);
			mainGroup = 9E598FA629FD496300BDB6D6;
			packageReferences = (
			);
			productRefGroup = 9E598FB029FD496300BDB6D6 /* Products */;
			projectDirPath = "";
			projectRoot = "";
			targets = (
				9E598FAE29FD496300BDB6D6 /* LiveWallAssessment */,
			);
		};
/* End PBXProject section */

/* Begin PBXResourcesBuildPhase section */
		9E598FAD29FD496300BDB6D6 /* Resources */ = {
			isa = PBXResourcesBuildPhase;
			buildActionMask = 2147483647;
			files = (
				9E598FBA29FD496600BDB6D6 /* Preview Assets.xcassets in Resources */,
				9E598FB729FD496600BDB6D6 /* Assets.xcassets in Resources */,
			);
			runOnlyForDeploymentPostprocessing = 0;
		};
/* End PBXResourcesBuildPhase section */

/* Begin PBXSourcesBuildPhase section */
		9E598FAB29FD496300BDB6D6 /* Sources */ = {
			isa = PBXSourcesBuildPhase;
			buildActionMask = 2147483647;
			files = (
				9E598FCB29FD4A3C00BDB6D6 /* ProfileView.swift in Sources */,
				9E598FF029FFE58500BDB6D6 /* ProfileDTO.swift in Sources */,
				9E598FEE29FFE51900BDB6D6 /* ProfileRemoteDatasource.swift in Sources */,
				9E5990012A001ABE00BDB6D6 /* SongRemoteDatasource.swift in Sources */,
				9E598FFF2A001A6100BDB6D6 /* SongRepository.swift in Sources */,
				9E598FCF29FD4BC500BDB6D6 /* DetailViewModel.swift in Sources */,
				9E598FB329FD496300BDB6D6 /* LiveWallAssessmentApp.swift in Sources */,
				9E598FEC29FFE4F700BDB6D6 /* ProfileRepository.swift in Sources */,
				9E59900A2A0046DD00BDB6D6 /* SongService.swift in Sources */,
				9E598FC929FD4A3200BDB6D6 /* DetailView.swift in Sources */,
				9E598FCD29FD4BBA00BDB6D6 /* HomeViewModel.swift in Sources */,
				9E598FC729FD4A2500BDB6D6 /* HomeView.swift in Sources */,
				9E598FF629FFF06100BDB6D6 /* Profile.swift in Sources */,
				9E59900C2A005DEA00BDB6D6 /* LikedSongsResponse.swift in Sources */,
				9E5990062A001AF500BDB6D6 /* ArtistDTO.swift in Sources */,
				9E598FE029FDC20D00BDB6D6 /* LoginView.swift in Sources */,
				9E598FE929FFCBDE00BDB6D6 /* AuthResponses.swift in Sources */,
				9E598FFC2A000C4A00BDB6D6 /* Artist.swift in Sources */,
				9E598FD129FD4BCF00BDB6D6 /* ProfileViewModel.swift in Sources */,
				9E5990032A001AD600BDB6D6 /* SongDTO.swift in Sources */,
				9E598FE229FDC21700BDB6D6 /* LoginViewModel.swift in Sources */,
				9E598FFA2A000C3800BDB6D6 /* Song.swift in Sources */,
				9E59900E2A0067CB00BDB6D6 /* SongView.swift in Sources */,
				9E598FE429FEAF5900BDB6D6 /* AuthManager.swift in Sources */,
				9E598FF429FFF05400BDB6D6 /* ProfileService.swift in Sources */,
			);
			runOnlyForDeploymentPostprocessing = 0;
		};
/* End PBXSourcesBuildPhase section */

/* Begin XCBuildConfiguration section */
		9E598FBB29FD496600BDB6D6 /* Debug */ = {
			isa = XCBuildConfiguration;
			baseConfigurationReference = 9E598FE529FEB91200BDB6D6 /* Secrets.xcconfig */;
			buildSettings = {
				ALWAYS_SEARCH_USER_PATHS = NO;
				CLANG_ANALYZER_NONNULL = YES;
				CLANG_ANALYZER_NUMBER_OBJECT_CONVERSION = YES_AGGRESSIVE;
				CLANG_CXX_LANGUAGE_STANDARD = "gnu++20";
				CLANG_ENABLE_MODULES = YES;
				CLANG_ENABLE_OBJC_ARC = YES;
				CLANG_ENABLE_OBJC_WEAK = YES;
				CLANG_WARN_BLOCK_CAPTURE_AUTORELEASING = YES;
				CLANG_WARN_BOOL_CONVERSION = YES;
				CLANG_WARN_COMMA = YES;
				CLANG_WARN_CONSTANT_CONVERSION = YES;
				CLANG_WARN_DEPRECATED_OBJC_IMPLEMENTATIONS = YES;
				CLANG_WARN_DIRECT_OBJC_ISA_USAGE = YES_ERROR;
				CLANG_WARN_DOCUMENTATION_COMMENTS = YES;
				CLANG_WARN_EMPTY_BODY = YES;
				CLANG_WARN_ENUM_CONVERSION = YES;
				CLANG_WARN_INFINITE_RECURSION = YES;
				CLANG_WARN_INT_CONVERSION = YES;
				CLANG_WARN_NON_LITERAL_NULL_CONVERSION = YES;
				CLANG_WARN_OBJC_IMPLICIT_RETAIN_SELF = YES;
				CLANG_WARN_OBJC_LITERAL_CONVERSION = YES;
				CLANG_WARN_OBJC_ROOT_CLASS = YES_ERROR;
				CLANG_WARN_QUOTED_INCLUDE_IN_FRAMEWORK_HEADER = YES;
				CLANG_WARN_RANGE_LOOP_ANALYSIS = YES;
				CLANG_WARN_STRICT_PROTOTYPES = YES;
				CLANG_WARN_SUSPICIOUS_MOVE = YES;
				CLANG_WARN_UNGUARDED_AVAILABILITY = YES_AGGRESSIVE;
				CLANG_WARN_UNREACHABLE_CODE = YES;
				CLANG_WARN__DUPLICATE_METHOD_MATCH = YES;
				COPY_PHASE_STRIP = NO;
				DEBUG_INFORMATION_FORMAT = dwarf;
				ENABLE_STRICT_OBJC_MSGSEND = YES;
				ENABLE_TESTABILITY = YES;
				GCC_C_LANGUAGE_STANDARD = gnu11;
				GCC_DYNAMIC_NO_PIC = NO;
				GCC_NO_COMMON_BLOCKS = YES;
				GCC_OPTIMIZATION_LEVEL = 0;
				GCC_PREPROCESSOR_DEFINITIONS = (
					"DEBUG=1",
					"$(inherited)",
				);
				GCC_WARN_64_TO_32_BIT_CONVERSION = YES;
				GCC_WARN_ABOUT_RETURN_TYPE = YES_ERROR;
				GCC_WARN_UNDECLARED_SELECTOR = YES;
				GCC_WARN_UNINITIALIZED_AUTOS = YES_AGGRESSIVE;
				GCC_WARN_UNUSED_FUNCTION = YES;
				GCC_WARN_UNUSED_VARIABLE = YES;
				IPHONEOS_DEPLOYMENT_TARGET = 16.4;
				MTL_ENABLE_DEBUG_INFO = INCLUDE_SOURCE;
				MTL_FAST_MATH = YES;
				ONLY_ACTIVE_ARCH = YES;
				SDKROOT = iphoneos;
				SWIFT_ACTIVE_COMPILATION_CONDITIONS = DEBUG;
				SWIFT_OPTIMIZATION_LEVEL = "-Onone";
			};
			name = Debug;
		};
		9E598FBC29FD496600BDB6D6 /* Release */ = {
			isa = XCBuildConfiguration;
			baseConfigurationReference = 9E598FE529FEB91200BDB6D6 /* Secrets.xcconfig */;
			buildSettings = {
				ALWAYS_SEARCH_USER_PATHS = NO;
				CLANG_ANALYZER_NONNULL = YES;
				CLANG_ANALYZER_NUMBER_OBJECT_CONVERSION = YES_AGGRESSIVE;
				CLANG_CXX_LANGUAGE_STANDARD = "gnu++20";
				CLANG_ENABLE_MODULES = YES;
				CLANG_ENABLE_OBJC_ARC = YES;
				CLANG_ENABLE_OBJC_WEAK = YES;
				CLANG_WARN_BLOCK_CAPTURE_AUTORELEASING = YES;
				CLANG_WARN_BOOL_CONVERSION = YES;
				CLANG_WARN_COMMA = YES;
				CLANG_WARN_CONSTANT_CONVERSION = YES;
				CLANG_WARN_DEPRECATED_OBJC_IMPLEMENTATIONS = YES;
				CLANG_WARN_DIRECT_OBJC_ISA_USAGE = YES_ERROR;
				CLANG_WARN_DOCUMENTATION_COMMENTS = YES;
				CLANG_WARN_EMPTY_BODY = YES;
				CLANG_WARN_ENUM_CONVERSION = YES;
				CLANG_WARN_INFINITE_RECURSION = YES;
				CLANG_WARN_INT_CONVERSION = YES;
				CLANG_WARN_NON_LITERAL_NULL_CONVERSION = YES;
				CLANG_WARN_OBJC_IMPLICIT_RETAIN_SELF = YES;
				CLANG_WARN_OBJC_LITERAL_CONVERSION = YES;
				CLANG_WARN_OBJC_ROOT_CLASS = YES_ERROR;
				CLANG_WARN_QUOTED_INCLUDE_IN_FRAMEWORK_HEADER = YES;
				CLANG_WARN_RANGE_LOOP_ANALYSIS = YES;
				CLANG_WARN_STRICT_PROTOTYPES = YES;
				CLANG_WARN_SUSPICIOUS_MOVE = YES;
				CLANG_WARN_UNGUARDED_AVAILABILITY = YES_AGGRESSIVE;
				CLANG_WARN_UNREACHABLE_CODE = YES;
				CLANG_WARN__DUPLICATE_METHOD_MATCH = YES;
				COPY_PHASE_STRIP = NO;
				DEBUG_INFORMATION_FORMAT = "dwarf-with-dsym";
				ENABLE_NS_ASSERTIONS = NO;
				ENABLE_STRICT_OBJC_MSGSEND = YES;
				GCC_C_LANGUAGE_STANDARD = gnu11;
				GCC_NO_COMMON_BLOCKS = YES;
				GCC_WARN_64_TO_32_BIT_CONVERSION = YES;
				GCC_WARN_ABOUT_RETURN_TYPE = YES_ERROR;
				GCC_WARN_UNDECLARED_SELECTOR = YES;
				GCC_WARN_UNINITIALIZED_AUTOS = YES_AGGRESSIVE;
				GCC_WARN_UNUSED_FUNCTION = YES;
				GCC_WARN_UNUSED_VARIABLE = YES;
				IPHONEOS_DEPLOYMENT_TARGET = 16.4;
				MTL_ENABLE_DEBUG_INFO = NO;
				MTL_FAST_MATH = YES;
				SDKROOT = iphoneos;
				SWIFT_COMPILATION_MODE = wholemodule;
				SWIFT_OPTIMIZATION_LEVEL = "-O";
				VALIDATE_PRODUCT = YES;
			};
			name = Release;
		};
		9E598FBE29FD496600BDB6D6 /* Debug */ = {
			isa = XCBuildConfiguration;
			baseConfigurationReference = 9E598FE529FEB91200BDB6D6 /* Secrets.xcconfig */;
			buildSettings = {
				ASSETCATALOG_COMPILER_APPICON_NAME = AppIcon;
				ASSETCATALOG_COMPILER_GLOBAL_ACCENT_COLOR_NAME = AccentColor;
				CODE_SIGN_STYLE = Automatic;
				CURRENT_PROJECT_VERSION = 1;
				DEVELOPMENT_ASSET_PATHS = "\"LiveWallAssessment/Preview Content\"";
				DEVELOPMENT_TEAM = CE6JM5XH47;
				ENABLE_PREVIEWS = YES;
				GENERATE_INFOPLIST_FILE = YES;
				INFOPLIST_FILE = LiveWallAssessment/Info.plist;
				INFOPLIST_KEY_UIApplicationSceneManifest_Generation = YES;
				INFOPLIST_KEY_UIApplicationSupportsIndirectInputEvents = YES;
				INFOPLIST_KEY_UILaunchScreen_Generation = YES;
				INFOPLIST_KEY_UISupportedInterfaceOrientations_iPad = "UIInterfaceOrientationPortrait UIInterfaceOrientationPortraitUpsideDown UIInterfaceOrientationLandscapeLeft UIInterfaceOrientationLandscapeRight";
				INFOPLIST_KEY_UISupportedInterfaceOrientations_iPhone = "UIInterfaceOrientationPortrait UIInterfaceOrientationLandscapeLeft UIInterfaceOrientationLandscapeRight";
				LD_RUNPATH_SEARCH_PATHS = (
					"$(inherited)",
					"@executable_path/Frameworks",
				);
				MARKETING_VERSION = 1.0;
				PRODUCT_BUNDLE_IDENTIFIER = josian.vanefferen.LiveWallAssessment;
				PRODUCT_NAME = "$(TARGET_NAME)";
				SWIFT_EMIT_LOC_STRINGS = YES;
				SWIFT_VERSION = 5.0;
				TARGETED_DEVICE_FAMILY = "1,2";
			};
			name = Debug;
		};
		9E598FBF29FD496600BDB6D6 /* Release */ = {
			isa = XCBuildConfiguration;
			baseConfigurationReference = 9E598FE529FEB91200BDB6D6 /* Secrets.xcconfig */;
			buildSettings = {
				ASSETCATALOG_COMPILER_APPICON_NAME = AppIcon;
				ASSETCATALOG_COMPILER_GLOBAL_ACCENT_COLOR_NAME = AccentColor;
				CODE_SIGN_STYLE = Automatic;
				CURRENT_PROJECT_VERSION = 1;
				DEVELOPMENT_ASSET_PATHS = "\"LiveWallAssessment/Preview Content\"";
				DEVELOPMENT_TEAM = CE6JM5XH47;
				ENABLE_PREVIEWS = YES;
				GENERATE_INFOPLIST_FILE = YES;
				INFOPLIST_FILE = LiveWallAssessment/Info.plist;
				INFOPLIST_KEY_UIApplicationSceneManifest_Generation = YES;
				INFOPLIST_KEY_UIApplicationSupportsIndirectInputEvents = YES;
				INFOPLIST_KEY_UILaunchScreen_Generation = YES;
				INFOPLIST_KEY_UISupportedInterfaceOrientations_iPad = "UIInterfaceOrientationPortrait UIInterfaceOrientationPortraitUpsideDown UIInterfaceOrientationLandscapeLeft UIInterfaceOrientationLandscapeRight";
				INFOPLIST_KEY_UISupportedInterfaceOrientations_iPhone = "UIInterfaceOrientationPortrait UIInterfaceOrientationLandscapeLeft UIInterfaceOrientationLandscapeRight";
				LD_RUNPATH_SEARCH_PATHS = (
					"$(inherited)",
					"@executable_path/Frameworks",
				);
				MARKETING_VERSION = 1.0;
				PRODUCT_BUNDLE_IDENTIFIER = josian.vanefferen.LiveWallAssessment;
				PRODUCT_NAME = "$(TARGET_NAME)";
				SWIFT_EMIT_LOC_STRINGS = YES;
				SWIFT_VERSION = 5.0;
				TARGETED_DEVICE_FAMILY = "1,2";
			};
			name = Release;
		};
/* End XCBuildConfiguration section */

/* Begin XCConfigurationList section */
		9E598FAA29FD496300BDB6D6 /* Build configuration list for PBXProject "LiveWallAssessment" */ = {
			isa = XCConfigurationList;
			buildConfigurations = (
				9E598FBB29FD496600BDB6D6 /* Debug */,
				9E598FBC29FD496600BDB6D6 /* Release */,
			);
			defaultConfigurationIsVisible = 0;
			defaultConfigurationName = Release;
		};
		9E598FBD29FD496600BDB6D6 /* Build configuration list for PBXNativeTarget "LiveWallAssessment" */ = {
			isa = XCConfigurationList;
			buildConfigurations = (
				9E598FBE29FD496600BDB6D6 /* Debug */,
				9E598FBF29FD496600BDB6D6 /* Release */,
			);
			defaultConfigurationIsVisible = 0;
			defaultConfigurationName = Release;
		};
/* End XCConfigurationList section */
	};
	rootObject = 9E598FA729FD496300BDB6D6 /* Project object */;
}
